github.com/davecgh/go-spew v1.1.1 h1:vj9j/u1bqnvCEfJOwUhtlOARqs3+rkHYY13jYWTU97c=
github.com/davecgh/go-spew v1.1.1/go.mod h1:J7Y8YcW2NihsgmVo/mv3lAwl/skON4iLHjSsI+c5H38=
github.com/fatedier/frp v0.58.1 h1:g9X0KTXxgINBvMLpWUI3VrMjNjB5qgTEexqFT2mgLXc=
github.com/fatedier/frp v0.58.1/go.mod h1:8lwoMcR+f8Shnx7lFWhN0JLhGspl8j0Tt/3cRiRVHgc=
github.com/fatedier/golib v0.5.0 h1:hNcH7hgfIFqVWbP+YojCCAj4eO94pPf4dEF8lmq2jWs=
github.com/fatedier/golib v0.5.0/go.mod h1:W6kIYkIFxHsTzbgqg5piCxIiDo4LzwgTY6R5W8l9NFQ=
github.com/pmezard/go-difflib v1.0.0 h1:4DBwDE0NGyQoBHbLQYPwSUPoCMWR5BEzIk/f1lZbAQM=
github.com/pmezard/go-difflib v1.0.0/go.mod h1:iKH77koFhYxTK1pcRnkKkqfTogsbg7gZNVY4sRDYZ/4=
github.com/stretchr/testify v1.9.0 h1:HtqpIVDClZ4nwg75+f6Lvsy/wHu+3BoSGCbBAcpTsTg=
github.com/stretchr/testify v1.9.0/go.mod h1:r2ic/lqez/lEtzL7wO/rwa5dbSLXVDPFyf8C91i36aY=
github.com/wlynxg/anet v0.0.3 h1:PvR53psxFXstc12jelG6f1Lv4MWqE0tI76/hHGjh9rg=
github.com/wlynxg/anet v0.0.3/go.mod h1:eay5PRQr7fIVAMbTbchTnO9gG65Hg/uYGdc7mguHxoA=
gopkg.in/yaml.v3 v3.0.1 h1:fxVm/GzAzEWqLHuvctI91KS9hhNmmWOoWu0XTYJS7CA=
gopkg.in/yaml.v3 v3.0.1/go.mod h1:K4uyk7z7BCEPqu6E+C64Yfv1cQ7kz7rIZviUmN+EgEM=
